// !$*UTF8*$!
{
	archiveVersion = 1;
	classes = {
	};
	objectVersion = 77;
	objects = {

/* Begin PBXContainerItemProxy section */
		6A0D1F932D01D17400F0901E /* PBXContainerItemProxy */ = {
			isa = PBXContainerItemProxy;
			containerPortal = 6A0D1F7A2D01D17200F0901E /* Project object */;
			proxyType = 1;
			remoteGlobalIDString = 6A0D1F812D01D17200F0901E;
			remoteInfo = "fairplay-spilletid";
		};
		6A0D1F9D2D01D17400F0901E /* PBXContainerItemProxy */ = {
			isa = PBXContainerItemProxy;
			containerPortal = 6A0D1F7A2D01D17200F0901E /* Project object */;
			proxyType = 1;
			remoteGlobalIDString = 6A0D1F812D01D17200F0901E;
			remoteInfo = "fairplay-spilletid";
		};
/* End PBXContainerItemProxy section */

/* Begin PBXFileReference section */
		6A0D1F822D01D17200F0901E /* fairplay-spilletid.app */ = {isa = PBXFileReference; explicitFileType = wrapper.application; includeInIndex = 0; path = "fairplay-spilletid.app"; sourceTree = BUILT_PRODUCTS_DIR; };
		6A0D1F922D01D17400F0901E /* fairplay-spilletidTests.xctest */ = {isa = PBXFileReference; explicitFileType = wrapper.cfbundle; includeInIndex = 0; path = "fairplay-spilletidTests.xctest"; sourceTree = BUILT_PRODUCTS_DIR; };
		6A0D1F9C2D01D17400F0901E /* fairplay-spilletidUITests.xctest */ = {isa = PBXFileReference; explicitFileType = wrapper.cfbundle; includeInIndex = 0; path = "fairplay-spilletidUITests.xctest"; sourceTree = BUILT_PRODUCTS_DIR; };
/* End PBXFileReference section */

/* Begin PBXFileSystemSynchronizedRootGroup section */
		6A0D1F842D01D17200F0901E /* fairplay-spilletid */ = {
			isa = PBXFileSystemSynchronizedRootGroup;
			path = "fairplay-spilletid";
			sourceTree = "<group>";
		};
		6A0D1F952D01D17400F0901E /* fairplay-spilletidTests */ = {
			isa = PBXFileSystemSynchronizedRootGroup;
			path = "fairplay-spilletidTests";
			sourceTree = "<group>";
		};
		6A0D1F9F2D01D17400F0901E /* fairplay-spilletidUITests */ = {
			isa = PBXFileSystemSynchronizedRootGroup;
			path = "fairplay-spilletidUITests";
			sourceTree = "<group>";
		};
/* End PBXFileSystemSynchronizedRootGroup section */

/* Begin PBXFrameworksBuildPhase section */
		6A0D1F7F2D01D17200F0901E /* Frameworks */ = {
			isa = PBXFrameworksBuildPhase;
			buildActionMask = 2147483647;
			files = (
			);
			runOnlyForDeploymentPostprocessing = 0;
		};
		6A0D1F8F2D01D17400F0901E /* Frameworks */ = {
			isa = PBXFrameworksBuildPhase;
			buildActionMask = 2147483647;
			files = (
			);
			runOnlyForDeploymentPostprocessing = 0;
		};
		6A0D1F992D01D17400F0901E /* Frameworks */ = {
			isa = PBXFrameworksBuildPhase;
			buildActionMask = 2147483647;
			files = (
			);
			runOnlyForDeploymentPostprocessing = 0;
		};
/* End PBXFrameworksBuildPhase section */

/* Begin PBXGroup section */
		6A0D1F792D01D17200F0901E = {
			isa = PBXGroup;
			children = (
				6A0D1F842D01D17200F0901E /* fairplay-spilletid */,
				6A0D1F952D01D17400F0901E /* fairplay-spilletidTests */,
				6A0D1F9F2D01D17400F0901E /* fairplay-spilletidUITests */,
				6A0D1F832D01D17200F0901E /* Products */,
			);
			sourceTree = "<group>";
		};
		6A0D1F832D01D17200F0901E /* Products */ = {
			isa = PBXGroup;
			children = (
				6A0D1F822D01D17200F0901E /* fairplay-spilletid.app */,
				6A0D1F922D01D17400F0901E /* fairplay-spilletidTests.xctest */,
				6A0D1F9C2D01D17400F0901E /* fairplay-spilletidUITests.xctest */,
			);
			name = Products;
			sourceTree = "<group>";
		};
/* End PBXGroup section */

/* Begin PBXNativeTarget section */
		6A0D1F812D01D17200F0901E /* fairplay-spilletid */ = {
			isa = PBXNativeTarget;
			buildConfigurationList = 6A0D1FA62D01D17400F0901E /* Build configuration list for PBXNativeTarget "fairplay-spilletid" */;
			buildPhases = (
				6A0D1F7E2D01D17200F0901E /* Sources */,
				6A0D1F7F2D01D17200F0901E /* Frameworks */,
				6A0D1F802D01D17200F0901E /* Resources */,
			);
			buildRules = (
			);
			dependencies = (
			);
			fileSystemSynchronizedGroups = (
				6A0D1F842D01D17200F0901E /* fairplay-spilletid */,
			);
			name = "fairplay-spilletid";
			packageProductDependencies = (
			);
			productName = "fairplay-spilletid";
			productReference = 6A0D1F822D01D17200F0901E /* fairplay-spilletid.app */;
			productType = "com.apple.product-type.application";
		};
		6A0D1F912D01D17400F0901E /* fairplay-spilletidTests */ = {
			isa = PBXNativeTarget;
			buildConfigurationList = 6A0D1FA92D01D17400F0901E /* Build configuration list for PBXNativeTarget "fairplay-spilletidTests" */;
			buildPhases = (
				6A0D1F8E2D01D17400F0901E /* Sources */,
				6A0D1F8F2D01D17400F0901E /* Frameworks */,
				6A0D1F902D01D17400F0901E /* Resources */,
			);
			buildRules = (
			);
			dependencies = (
				6A0D1F942D01D17400F0901E /* PBXTargetDependency */,
			);
			fileSystemSynchronizedGroups = (
				6A0D1F952D01D17400F0901E /* fairplay-spilletidTests */,
			);
			name = "fairplay-spilletidTests";
			packageProductDependencies = (
			);
			productName = "fairplay-spilletidTests";
			productReference = 6A0D1F922D01D17400F0901E /* fairplay-spilletidTests.xctest */;
			productType = "com.apple.product-type.bundle.unit-test";
		};
		6A0D1F9B2D01D17400F0901E /* fairplay-spilletidUITests */ = {
			isa = PBXNativeTarget;
			buildConfigurationList = 6A0D1FAC2D01D17400F0901E /* Build configuration list for PBXNativeTarget "fairplay-spilletidUITests" */;
			buildPhases = (
				6A0D1F982D01D17400F0901E /* Sources */,
				6A0D1F992D01D17400F0901E /* Frameworks */,
				6A0D1F9A2D01D17400F0901E /* Resources */,
			);
			buildRules = (
			);
			dependencies = (
				6A0D1F9E2D01D17400F0901E /* PBXTargetDependency */,
			);
			fileSystemSynchronizedGroups = (
				6A0D1F9F2D01D17400F0901E /* fairplay-spilletidUITests */,
			);
			name = "fairplay-spilletidUITests";
			packageProductDependencies = (
			);
			productName = "fairplay-spilletidUITests";
			productReference = 6A0D1F9C2D01D17400F0901E /* fairplay-spilletidUITests.xctest */;
			productType = "com.apple.product-type.bundle.ui-testing";
		};
/* End PBXNativeTarget section */

/* Begin PBXProject section */
		6A0D1F7A2D01D17200F0901E /* Project object */ = {
			isa = PBXProject;
			attributes = {
				BuildIndependentTargetsInParallel = 1;
				LastSwiftUpdateCheck = 1610;
				LastUpgradeCheck = 1610;
				TargetAttributes = {
					6A0D1F812D01D17200F0901E = {
						CreatedOnToolsVersion = 16.1;
					};
					6A0D1F912D01D17400F0901E = {
						CreatedOnToolsVersion = 16.1;
						TestTargetID = 6A0D1F812D01D17200F0901E;
					};
					6A0D1F9B2D01D17400F0901E = {
						CreatedOnToolsVersion = 16.1;
						TestTargetID = 6A0D1F812D01D17200F0901E;
					};
				};
			};
			buildConfigurationList = 6A0D1F7D2D01D17200F0901E /* Build configuration list for PBXProject "fairplay-spilletid" */;
			developmentRegion = en;
			hasScannedForEncodings = 0;
			knownRegions = (
				en,
				Base,
			);
			mainGroup = 6A0D1F792D01D17200F0901E;
			minimizedProjectReferenceProxies = 1;
			preferredProjectObjectVersion = 77;
			productRefGroup = 6A0D1F832D01D17200F0901E /* Products */;
			projectDirPath = "";
			projectRoot = "";
			targets = (
				6A0D1F812D01D17200F0901E /* fairplay-spilletid */,
				6A0D1F912D01D17400F0901E /* fairplay-spilletidTests */,
				6A0D1F9B2D01D17400F0901E /* fairplay-spilletidUITests */,
			);
		};
/* End PBXProject section */

/* Begin PBXResourcesBuildPhase section */
		6A0D1F802D01D17200F0901E /* Resources */ = {
			isa = PBXResourcesBuildPhase;
			buildActionMask = 2147483647;
			files = (
			);
			runOnlyForDeploymentPostprocessing = 0;
		};
		6A0D1F902D01D17400F0901E /* Resources */ = {
			isa = PBXResourcesBuildPhase;
			buildActionMask = 2147483647;
			files = (
			);
			runOnlyForDeploymentPostprocessing = 0;
		};
		6A0D1F9A2D01D17400F0901E /* Resources */ = {
			isa = PBXResourcesBuildPhase;
			buildActionMask = 2147483647;
			files = (
			);
			runOnlyForDeploymentPostprocessing = 0;
		};
/* End PBXResourcesBuildPhase section */

/* Begin PBXSourcesBuildPhase section */
		6A0D1F7E2D01D17200F0901E /* Sources */ = {
			isa = PBXSourcesBuildPhase;
			buildActionMask = 2147483647;
			files = (
			);
			runOnlyForDeploymentPostprocessing = 0;
		};
		6A0D1F8E2D01D17400F0901E /* Sources */ = {
			isa = PBXSourcesBuildPhase;
			buildActionMask = 2147483647;
			files = (
			);
			runOnlyForDeploymentPostprocessing = 0;
		};
		6A0D1F982D01D17400F0901E /* Sources */ = {
			isa = PBXSourcesBuildPhase;
			buildActionMask = 2147483647;
			files = (
			);
			runOnlyForDeploymentPostprocessing = 0;
		};
/* End PBXSourcesBuildPhase section */

/* Begin PBXTargetDependency section */
		6A0D1F942D01D17400F0901E /* PBXTargetDependency */ = {
			isa = PBXTargetDependency;
			target = 6A0D1F812D01D17200F0901E /* fairplay-spilletid */;
			targetProxy = 6A0D1F932D01D17400F0901E /* PBXContainerItemProxy */;
		};
		6A0D1F9E2D01D17400F0901E /* PBXTargetDependency */ = {
			isa = PBXTargetDependency;
			target = 6A0D1F812D01D17200F0901E /* fairplay-spilletid */;
			targetProxy = 6A0D1F9D2D01D17400F0901E /* PBXContainerItemProxy */;
		};
/* End PBXTargetDependency section */

/* Begin XCBuildConfiguration section */
		6A0D1FA42D01D17400F0901E /* Debug */ = {
			isa = XCBuildConfiguration;
			buildSettings = {
				ALWAYS_SEARCH_USER_PATHS = NO;
				ASSETCATALOG_COMPILER_GENERATE_SWIFT_ASSET_SYMBOL_EXTENSIONS = YES;
				CLANG_ANALYZER_NONNULL = YES;
				CLANG_ANALYZER_NUMBER_OBJECT_CONVERSION = YES_AGGRESSIVE;
				CLANG_CXX_LANGUAGE_STANDARD = "gnu++20";
				CLANG_ENABLE_MODULES = YES;
				CLANG_ENABLE_OBJC_ARC = YES;
				CLANG_ENABLE_OBJC_WEAK = YES;
				CLANG_WARN_BLOCK_CAPTURE_AUTORELEASING = YES;
				CLANG_WARN_BOOL_CONVERSION = YES;
				CLANG_WARN_COMMA = YES;
				CLANG_WARN_CONSTANT_CONVERSION = YES;
				CLANG_WARN_DEPRECATED_OBJC_IMPLEMENTATIONS = YES;
				CLANG_WARN_DIRECT_OBJC_ISA_USAGE = YES_ERROR;
				CLANG_WARN_DOCUMENTATION_COMMENTS = YES;
				CLANG_WARN_EMPTY_BODY = YES;
				CLANG_WARN_ENUM_CONVERSION = YES;
				CLANG_WARN_INFINITE_RECURSION = YES;
				CLANG_WARN_INT_CONVERSION = YES;
				CLANG_WARN_NON_LITERAL_NULL_CONVERSION = YES;
				CLANG_WARN_OBJC_IMPLICIT_RETAIN_SELF = YES;
				CLANG_WARN_OBJC_LITERAL_CONVERSION = YES;
				CLANG_WARN_OBJC_ROOT_CLASS = YES_ERROR;
				CLANG_WARN_QUOTED_INCLUDE_IN_FRAMEWORK_HEADER = YES;
				CLANG_WARN_RANGE_LOOP_ANALYSIS = YES;
				CLANG_WARN_STRICT_PROTOTYPES = YES;
				CLANG_WARN_SUSPICIOUS_MOVE = YES;
				CLANG_WARN_UNGUARDED_AVAILABILITY = YES_AGGRESSIVE;
				CLANG_WARN_UNREACHABLE_CODE = YES;
				CLANG_WARN__DUPLICATE_METHOD_MATCH = YES;
				COPY_PHASE_STRIP = NO;
				DEBUG_INFORMATION_FORMAT = dwarf;
				ENABLE_STRICT_OBJC_MSGSEND = YES;
				ENABLE_TESTABILITY = YES;
				ENABLE_USER_SCRIPT_SANDBOXING = YES;
				GCC_C_LANGUAGE_STANDARD = gnu17;
				GCC_DYNAMIC_NO_PIC = NO;
				GCC_NO_COMMON_BLOCKS = YES;
				GCC_OPTIMIZATION_LEVEL = 0;
				GCC_PREPROCESSOR_DEFINITIONS = (
					"DEBUG=1",
					"$(inherited)",
				);
				GCC_WARN_64_TO_32_BIT_CONVERSION = YES;
				GCC_WARN_ABOUT_RETURN_TYPE = YES_ERROR;
				GCC_WARN_UNDECLARED_SELECTOR = YES;
				GCC_WARN_UNINITIALIZED_AUTOS = YES_AGGRESSIVE;
				GCC_WARN_UNUSED_FUNCTION = YES;
				GCC_WARN_UNUSED_VARIABLE = YES;
				IPHONEOS_DEPLOYMENT_TARGET = 18.1;
				LOCALIZATION_PREFERS_STRING_CATALOGS = YES;
				MTL_ENABLE_DEBUG_INFO = INCLUDE_SOURCE;
				MTL_FAST_MATH = YES;
				ONLY_ACTIVE_ARCH = YES;
				SDKROOT = iphoneos;
				SWIFT_ACTIVE_COMPILATION_CONDITIONS = "DEBUG $(inherited)";
				SWIFT_OPTIMIZATION_LEVEL = "-Onone";
			};
			name = Debug;
		};
		6A0D1FA52D01D17400F0901E /* Release */ = {
			isa = XCBuildConfiguration;
			buildSettings = {
				ALWAYS_SEARCH_USER_PATHS = NO;
				ASSETCATALOG_COMPILER_GENERATE_SWIFT_ASSET_SYMBOL_EXTENSIONS = YES;
				CLANG_ANALYZER_NONNULL = YES;
				CLANG_ANALYZER_NUMBER_OBJECT_CONVERSION = YES_AGGRESSIVE;
				CLANG_CXX_LANGUAGE_STANDARD = "gnu++20";
				CLANG_ENABLE_MODULES = YES;
				CLANG_ENABLE_OBJC_ARC = YES;
				CLANG_ENABLE_OBJC_WEAK = YES;
				CLANG_WARN_BLOCK_CAPTURE_AUTORELEASING = YES;
				CLANG_WARN_BOOL_CONVERSION = YES;
				CLANG_WARN_COMMA = YES;
				CLANG_WARN_CONSTANT_CONVERSION = YES;
				CLANG_WARN_DEPRECATED_OBJC_IMPLEMENTATIONS = YES;
				CLANG_WARN_DIRECT_OBJC_ISA_USAGE = YES_ERROR;
				CLANG_WARN_DOCUMENTATION_COMMENTS = YES;
				CLANG_WARN_EMPTY_BODY = YES;
				CLANG_WARN_ENUM_CONVERSION = YES;
				CLANG_WARN_INFINITE_RECURSION = YES;
				CLANG_WARN_INT_CONVERSION = YES;
				CLANG_WARN_NON_LITERAL_NULL_CONVERSION = YES;
				CLANG_WARN_OBJC_IMPLICIT_RETAIN_SELF = YES;
				CLANG_WARN_OBJC_LITERAL_CONVERSION = YES;
				CLANG_WARN_OBJC_ROOT_CLASS = YES_ERROR;
				CLANG_WARN_QUOTED_INCLUDE_IN_FRAMEWORK_HEADER = YES;
				CLANG_WARN_RANGE_LOOP_ANALYSIS = YES;
				CLANG_WARN_STRICT_PROTOTYPES = YES;
				CLANG_WARN_SUSPICIOUS_MOVE = YES;
				CLANG_WARN_UNGUARDED_AVAILABILITY = YES_AGGRESSIVE;
				CLANG_WARN_UNREACHABLE_CODE = YES;
				CLANG_WARN__DUPLICATE_METHOD_MATCH = YES;
				COPY_PHASE_STRIP = NO;
				DEBUG_INFORMATION_FORMAT = "dwarf-with-dsym";
				ENABLE_NS_ASSERTIONS = NO;
				ENABLE_STRICT_OBJC_MSGSEND = YES;
				ENABLE_USER_SCRIPT_SANDBOXING = YES;
				GCC_C_LANGUAGE_STANDARD = gnu17;
				GCC_NO_COMMON_BLOCKS = YES;
				GCC_WARN_64_TO_32_BIT_CONVERSION = YES;
				GCC_WARN_ABOUT_RETURN_TYPE = YES_ERROR;
				GCC_WARN_UNDECLARED_SELECTOR = YES;
				GCC_WARN_UNINITIALIZED_AUTOS = YES_AGGRESSIVE;
				GCC_WARN_UNUSED_FUNCTION = YES;
				GCC_WARN_UNUSED_VARIABLE = YES;
				IPHONEOS_DEPLOYMENT_TARGET = 18.1;
				LOCALIZATION_PREFERS_STRING_CATALOGS = YES;
				MTL_ENABLE_DEBUG_INFO = NO;
				MTL_FAST_MATH = YES;
				SDKROOT = iphoneos;
				SWIFT_COMPILATION_MODE = wholemodule;
				VALIDATE_PRODUCT = YES;
			};
			name = Release;
		};
		6A0D1FA72D01D17400F0901E /* Debug */ = {
			isa = XCBuildConfiguration;
			buildSettings = {
				ASSETCATALOG_COMPILER_APPICON_NAME = AppIcon;
				ASSETCATALOG_COMPILER_GLOBAL_ACCENT_COLOR_NAME = AccentColor;
				CODE_SIGN_STYLE = Automatic;
				CURRENT_PROJECT_VERSION = 1;
				DEVELOPMENT_ASSET_PATHS = "\"fairplay-spilletid/Preview Content\"";
				ENABLE_PREVIEWS = YES;
				GENERATE_INFOPLIST_FILE = YES;
				INFOPLIST_KEY_UIApplicationSceneManifest_Generation = YES;
				INFOPLIST_KEY_UIApplicationSupportsIndirectInputEvents = YES;
				INFOPLIST_KEY_UILaunchScreen_Generation = YES;
				INFOPLIST_KEY_UISupportedInterfaceOrientations_iPad = "UIInterfaceOrientationPortrait UIInterfaceOrientationPortraitUpsideDown UIInterfaceOrientationLandscapeLeft UIInterfaceOrientationLandscapeRight";
				INFOPLIST_KEY_UISupportedInterfaceOrientations_iPhone = "UIInterfaceOrientationPortrait UIInterfaceOrientationLandscapeLeft UIInterfaceOrientationLandscapeRight";
				LD_RUNPATH_SEARCH_PATHS = (
					"$(inherited)",
					"@executable_path/Frameworks",
				);
				MARKETING_VERSION = 1.0;
				PRODUCT_BUNDLE_IDENTIFIER = "thuen.it.fairplay-spilletid";
				PRODUCT_NAME = "$(TARGET_NAME)";
				SWIFT_EMIT_LOC_STRINGS = YES;
				SWIFT_VERSION = 5.0;
				TARGETED_DEVICE_FAMILY = "1,2";
			};
			name = Debug;
		};
		6A0D1FA82D01D17400F0901E /* Release */ = {
			isa = XCBuildConfiguration;
			buildSettings = {
				ASSETCATALOG_COMPILER_APPICON_NAME = AppIcon;
				ASSETCATALOG_COMPILER_GLOBAL_ACCENT_COLOR_NAME = AccentColor;
				CODE_SIGN_STYLE = Automatic;
				CURRENT_PROJECT_VERSION = 1;
				DEVELOPMENT_ASSET_PATHS = "\"fairplay-spilletid/Preview Content\"";
				ENABLE_PREVIEWS = YES;
				GENERATE_INFOPLIST_FILE = YES;
				INFOPLIST_KEY_UIApplicationSceneManifest_Generation = YES;
				INFOPLIST_KEY_UIApplicationSupportsIndirectInputEvents = YES;
				INFOPLIST_KEY_UILaunchScreen_Generation = YES;
				INFOPLIST_KEY_UISupportedInterfaceOrientations_iPad = "UIInterfaceOrientationPortrait UIInterfaceOrientationPortraitUpsideDown UIInterfaceOrientationLandscapeLeft UIInterfaceOrientationLandscapeRight";
				INFOPLIST_KEY_UISupportedInterfaceOrientations_iPhone = "UIInterfaceOrientationPortrait UIInterfaceOrientationLandscapeLeft UIInterfaceOrientationLandscapeRight";
				LD_RUNPATH_SEARCH_PATHS = (
					"$(inherited)",
					"@executable_path/Frameworks",
				);
				MARKETING_VERSION = 1.0;
				PRODUCT_BUNDLE_IDENTIFIER = "thuen.it.fairplay-spilletid";
				PRODUCT_NAME = "$(TARGET_NAME)";
				SWIFT_EMIT_LOC_STRINGS = YES;
				SWIFT_VERSION = 5.0;
				TARGETED_DEVICE_FAMILY = "1,2";
			};
			name = Release;
		};
		6A0D1FAA2D01D17400F0901E /* Debug */ = {
			isa = XCBuildConfiguration;
			buildSettings = {
				BUNDLE_LOADER = "$(TEST_HOST)";
				CODE_SIGN_STYLE = Automatic;
				CURRENT_PROJECT_VERSION = 1;
				GENERATE_INFOPLIST_FILE = YES;
				IPHONEOS_DEPLOYMENT_TARGET = 18.1;
				MARKETING_VERSION = 1.0;
				PRODUCT_BUNDLE_IDENTIFIER = "thuen.it.fairplay-spilletidTests";
				PRODUCT_NAME = "$(TARGET_NAME)";
				SWIFT_EMIT_LOC_STRINGS = NO;
				SWIFT_VERSION = 5.0;
				TARGETED_DEVICE_FAMILY = "1,2";
				TEST_HOST = "$(BUILT_PRODUCTS_DIR)/fairplay-spilletid.app/$(BUNDLE_EXECUTABLE_FOLDER_PATH)/fairplay-spilletid";
			};
			name = Debug;
		};
		6A0D1FAB2D01D17400F0901E /* Release */ = {
			isa = XCBuildConfiguration;
			buildSettings = {
				BUNDLE_LOADER = "$(TEST_HOST)";
				CODE_SIGN_STYLE = Automatic;
				CURRENT_PROJECT_VERSION = 1;
				GENERATE_INFOPLIST_FILE = YES;
				IPHONEOS_DEPLOYMENT_TARGET = 18.1;
				MARKETING_VERSION = 1.0;
				PRODUCT_BUNDLE_IDENTIFIER = "thuen.it.fairplay-spilletidTests";
				PRODUCT_NAME = "$(TARGET_NAME)";
				SWIFT_EMIT_LOC_STRINGS = NO;
				SWIFT_VERSION = 5.0;
				TARGETED_DEVICE_FAMILY = "1,2";
				TEST_HOST = "$(BUILT_PRODUCTS_DIR)/fairplay-spilletid.app/$(BUNDLE_EXECUTABLE_FOLDER_PATH)/fairplay-spilletid";
			};
			name = Release;
		};
		6A0D1FAD2D01D17400F0901E /* Debug */ = {
			isa = XCBuildConfiguration;
			buildSettings = {
				CODE_SIGN_STYLE = Automatic;
				CURRENT_PROJECT_VERSION = 1;
				GENERATE_INFOPLIST_FILE = YES;
				MARKETING_VERSION = 1.0;
				PRODUCT_BUNDLE_IDENTIFIER = "thuen.it.fairplay-spilletidUITests";
				PRODUCT_NAME = "$(TARGET_NAME)";
				SWIFT_EMIT_LOC_STRINGS = NO;
				SWIFT_VERSION = 5.0;
				TARGETED_DEVICE_FAMILY = "1,2";
				TEST_TARGET_NAME = "fairplay-spilletid";
			};
			name = Debug;
		};
		6A0D1FAE2D01D17400F0901E /* Release */ = {
			isa = XCBuildConfiguration;
			buildSettings = {
				CODE_SIGN_STYLE = Automatic;
				CURRENT_PROJECT_VERSION = 1;
				GENERATE_INFOPLIST_FILE = YES;
				MARKETING_VERSION = 1.0;
				PRODUCT_BUNDLE_IDENTIFIER = "thuen.it.fairplay-spilletidUITests";
				PRODUCT_NAME = "$(TARGET_NAME)";
				SWIFT_EMIT_LOC_STRINGS = NO;
				SWIFT_VERSION = 5.0;
				TARGETED_DEVICE_FAMILY = "1,2";
				TEST_TARGET_NAME = "fairplay-spilletid";
			};
			name = Release;
		};
/* End XCBuildConfiguration section */

/* Begin XCConfigurationList section */
		6A0D1F7D2D01D17200F0901E /* Build configuration list for PBXProject "fairplay-spilletid" */ = {
			isa = XCConfigurationList;
			buildConfigurations = (
				6A0D1FA42D01D17400F0901E /* Debug */,
				6A0D1FA52D01D17400F0901E /* Release */,
			);
			defaultConfigurationIsVisible = 0;
			defaultConfigurationName = Release;
		};
		6A0D1FA62D01D17400F0901E /* Build configuration list for PBXNativeTarget "fairplay-spilletid" */ = {
			isa = XCConfigurationList;
			buildConfigurations = (
				6A0D1FA72D01D17400F0901E /* Debug */,
				6A0D1FA82D01D17400F0901E /* Release */,
			);
			defaultConfigurationIsVisible = 0;
			defaultConfigurationName = Release;
		};
		6A0D1FA92D01D17400F0901E /* Build configuration list for PBXNativeTarget "fairplay-spilletidTests" */ = {
			isa = XCConfigurationList;
			buildConfigurations = (
				6A0D1FAA2D01D17400F0901E /* Debug */,
				6A0D1FAB2D01D17400F0901E /* Release */,
			);
			defaultConfigurationIsVisible = 0;
			defaultConfigurationName = Release;
		};
		6A0D1FAC2D01D17400F0901E /* Build configuration list for PBXNativeTarget "fairplay-spilletidUITests" */ = {
			isa = XCConfigurationList;
			buildConfigurations = (
				6A0D1FAD2D01D17400F0901E /* Debug */,
				6A0D1FAE2D01D17400F0901E /* Release */,
			);
			defaultConfigurationIsVisible = 0;
			defaultConfigurationName = Release;
		};
/* End XCConfigurationList section */
	};
	rootObject = 6A0D1F7A2D01D17200F0901E /* Project object */;
}
